{
  "name": "soda-bootcamp",
  "version": "1.0.0",
  "lockfileVersion": 2,
  "requires": true,
  "packages": {
    "": {
      "name": "soda-bootcamp",
      "version": "1.0.0",
      "license": "ISC",
      "dependencies": {
        "live-server": "^1.2.1"
      },
      "devDependencies": {}
    },
    "node_modules/accepts": {
      "version": "1.3.7",
      "resolved": "https://registry.npmjs.org/accepts/-/accepts-1.3.7.tgz",
      "integrity": "sha512-Il80Qs2WjYlJIBNzNkK6KYqlVMTbZLXgHx2oT0pU/fjRHyEp+PEfEPY0R3WCwAGVOtauxh1hOxNgIf5bv7dQpA==",
      "dependencies": {
        "mime-types": "~2.1.24",
        "negotiator": "0.6.2"
      },
      "engines": {
        "node": ">= 0.6"
      }
    },
    "node_modules/anymatch": {
      "version": "2.0.0",
      "resolved": "https://registry.npmjs.org/anymatch/-/anymatch-2.0.0.tgz",
      "integrity": "sha512-5teOsQWABXHHBFP9y3skS5P3d/WfWXpv3FUpy+LorMrNYaT9pI4oLMQX7jzQ2KklNpGpWHzdCXTDT2Y3XGlZBw==",
      "dependencies": {
        "micromatch": "^3.1.4",
        "normalize-path": "^2.1.1"
      }
    },
    "node_modules/anymatch/node_modules/normalize-path": {
      "version": "2.1.1",
      "resolved": "https://registry.npmjs.org/normalize-path/-/normalize-path-2.1.1.tgz",
      "integrity": "sha1-GrKLVW4Zg2Oowab35vogE3/mrtk=",
      "dependencies": {
        "remove-trailing-separator": "^1.0.1"
      },
      "engines": {
        "node": ">=0.10.0"
      }
    },
    "node_modules/apache-crypt": {
      "version": "1.2.5",
      "resolved": "https://registry.npmjs.org/apache-crypt/-/apache-crypt-1.2.5.tgz",
      "integrity": "sha512-ICnYQH+DFVmw+S4Q0QY2XRXD8Ne8ewh8HgbuFH4K7022zCxgHM0Hz1xkRnUlEfAXNbwp1Cnhbedu60USIfDxvg==",
      "dependencies": {
        "unix-crypt-td-js": "^1.1.4"
      },
      "engines": {
        "node": ">=8"
      }
    },
    "node_modules/apache-md5": {
      "version": "1.1.7",
      "resolved": "https://registry.npmjs.org/apache-md5/-/apache-md5-1.1.7.tgz",
      "integrity": "sha512-JtHjzZmJxtzfTSjsCyHgPR155HBe5WGyUyHTaEkfy46qhwCFKx1Epm6nAxgUG3WfUZP1dWhGqj9Z2NOBeZ+uBw==",
      "engines": {
        "node": ">=8"
      }
    },
    "node_modules/arr-diff": {
      "version": "4.0.0",
      "resolved": "https://registry.npmjs.org/arr-diff/-/arr-diff-4.0.0.tgz",
      "integrity": "sha1-1kYQdP6/7HHn4VI1dhoyml3HxSA=",
      "engines": {
        "node": ">=0.10.0"
      }
    },
    "node_modules/arr-flatten": {
      "version": "1.1.0",
      "resolved": "https://registry.npmjs.org/arr-flatten/-/arr-flatten-1.1.0.tgz",
      "integrity": "sha512-L3hKV5R/p5o81R7O02IGnwpDmkp6E982XhtbuwSe3O4qOtMMMtodicASA1Cny2U+aCXcNpml+m4dPsvsJ3jatg==",
      "engines": {
        "node": ">=0.10.0"
      }
    },
    "node_modules/arr-union": {
      "version": "3.1.0",
      "resolved": "https://registry.npmjs.org/arr-union/-/arr-union-3.1.0.tgz",
      "integrity": "sha1-45sJrqne+Gao8gbiiK9jkZuuOcQ=",
      "engines": {

